
Microsoft Visual Studio Solution File, Format Version 12.00
# Visual Studio Version 16
VisualStudioVersion = 16.0.32106.194
MinimumVisualStudioVersion = 10.0.40219.1
Project("{9A19103F-16F7-4668-BE54-9A1E7A4F7556}") = "MessageSender", "MessageSender\MessageSender.csproj", "{C1452E8C-3B44-4154-ABAD-A52809ECBA1A}"
EndProject
Project("{9A19103F-16F7-4668-BE54-9A1E7A4F7556}") = "MessageReciever", "MessageReciever\MessageReciever.csproj", "{0DE41297-6573-42A8-9785-50FC11A409AF}"
EndProject
Global
	GlobalSection(SolutionConfigurationPlatforms) = preSolution
		Debug|Any CPU = Debug|Any CPU
		Release|Any CPU = Release|Any CPU
	EndGlobalSection
	GlobalSection(ProjectConfigurationPlatforms) = postSolution
		{C1452E8C-3B44-4154-ABAD-A52809ECBA1A}.Debug|Any CPU.ActiveCfg = Debug|Any CPU
		{C1452E8C-3B44-4154-ABAD-A52809ECBA1A}.Debug|Any CPU.Build.0 = Debug|Any CPU
		{C1452E8C-3B44-4154-ABAD-A52809ECBA1A}.Release|Any CPU.ActiveCfg = Release|Any CPU
		{C1452E8C-3B44-4154-ABAD-A52809ECBA1A}.Release|Any CPU.Build.0 = Release|Any CPU
		{0DE41297-6573-42A8-9785-50FC11A409AF}.Debug|Any CPU.ActiveCfg = Debug|Any CPU
		{0DE41297-6573-42A8-9785-50FC11A409AF}.Debug|Any CPU.Build.0 = Debug|Any CPU
		{0DE41297-6573-42A8-9785-50FC11A409AF}.Release|Any CPU.ActiveCfg = Release|Any CPU
		{0DE41297-6573-42A8-9785-50FC11A409AF}.Release|Any CPU.Build.0 = Release|Any CPU
	EndGlobalSection
	GlobalSection(SolutionProperties) = preSolution
		HideSolutionNode = FALSE
	EndGlobalSection
	GlobalSection(ExtensibilityGlobals) = postSolution
		SolutionGuid = {C3DCC9D4-B1F2-47C8-A53D-4876304762FD}
	EndGlobalSection
EndGlobal
